// !$*UTF8*$!
{
	archiveVersion = 1;
	classes = {
	};
	objectVersion = 46;
	objects = {

/* Begin PBXBuildFile section */
		39326F861E94D84100C15D51 /* AppDelegate.swift in Sources */ = {isa = PBXBuildFile; fileRef = 39326F851E94D84100C15D51 /* AppDelegate.swift */; };
		39326F881E94D84100C15D51 /* ViewController.swift in Sources */ = {isa = PBXBuildFile; fileRef = 39326F871E94D84100C15D51 /* ViewController.swift */; };
		39326F8B1E94D84100C15D51 /* Main.storyboard in Resources */ = {isa = PBXBuildFile; fileRef = 39326F891E94D84100C15D51 /* Main.storyboard */; };
		39326F8D1E94D84100C15D51 /* Assets.xcassets in Resources */ = {isa = PBXBuildFile; fileRef = 39326F8C1E94D84100C15D51 /* Assets.xcassets */; };
		39326F901E94D84100C15D51 /* LaunchScreen.storyboard in Resources */ = {isa = PBXBuildFile; fileRef = 39326F8E1E94D84100C15D51 /* LaunchScreen.storyboard */; };
		39326F9B1E94D84100C15D51 /* MyQuizTests.swift in Sources */ = {isa = PBXBuildFile; fileRef = 39326F9A1E94D84100C15D51 /* MyQuizTests.swift */; };
		39326FA61E94D84100C15D51 /* MyQuizUITests.swift in Sources */ = {isa = PBXBuildFile; fileRef = 39326FA51E94D84100C15D51 /* MyQuizUITests.swift */; };
/* End PBXBuildFile section */

/* Begin PBXContainerItemProxy section */
		39326F971E94D84100C15D51 /* PBXContainerItemProxy */ = {
			isa = PBXContainerItemProxy;
			containerPortal = 39326F7A1E94D84100C15D51 /* Project object */;
			proxyType = 1;
			remoteGlobalIDString = 39326F811E94D84100C15D51;
			remoteInfo = MyQuiz;
		};
		39326FA21E94D84100C15D51 /* PBXContainerItemProxy */ = {
			isa = PBXContainerItemProxy;
			containerPortal = 39326F7A1E94D84100C15D51 /* Project object */;
			proxyType = 1;
			remoteGlobalIDString = 39326F811E94D84100C15D51;
			remoteInfo = MyQuiz;
		};
/* End PBXContainerItemProxy section */

/* Begin PBXFileReference section */
		39326F821E94D84100C15D51 /* MyQuiz.app */ = {isa = PBXFileReference; explicitFileType = wrapper.application; includeInIndex = 0; path = MyQuiz.app; sourceTree = BUILT_PRODUCTS_DIR; };
		39326F851E94D84100C15D51 /* AppDelegate.swift */ = {isa = PBXFileReference; lastKnownFileType = sourcecode.swift; path = AppDelegate.swift; sourceTree = "<group>"; };
		39326F871E94D84100C15D51 /* ViewController.swift */ = {isa = PBXFileReference; lastKnownFileType = sourcecode.swift; path = ViewController.swift; sourceTree = "<group>"; };
		39326F8A1E94D84100C15D51 /* Base */ = {isa = PBXFileReference; lastKnownFileType = file.storyboard; name = Base; path = Base.lproj/Main.storyboard; sourceTree = "<group>"; };
		39326F8C1E94D84100C15D51 /* Assets.xcassets */ = {isa = PBXFileReference; lastKnownFileType = folder.assetcatalog; path = Assets.xcassets; sourceTree = "<group>"; };
		39326F8F1E94D84100C15D51 /* Base */ = {isa = PBXFileReference; lastKnownFileType = file.storyboard; name = Base; path = Base.lproj/LaunchScreen.storyboard; sourceTree = "<group>"; };
		39326F911E94D84100C15D51 /* Info.plist */ = {isa = PBXFileReference; lastKnownFileType = text.plist.xml; path = Info.plist; sourceTree = "<group>"; };
		39326F961E94D84100C15D51 /* MyQuizTests.xctest */ = {isa = PBXFileReference; explicitFileType = wrapper.cfbundle; includeInIndex = 0; path = MyQuizTests.xctest; sourceTree = BUILT_PRODUCTS_DIR; };
		39326F9A1E94D84100C15D51 /* MyQuizTests.swift */ = {isa = PBXFileReference; lastKnownFileType = sourcecode.swift; path = MyQuizTests.swift; sourceTree = "<group>"; };
		39326F9C1E94D84100C15D51 /* Info.plist */ = {isa = PBXFileReference; lastKnownFileType = text.plist.xml; path = Info.plist; sourceTree = "<group>"; };
		39326FA11E94D84100C15D51 /* MyQuizUITests.xctest */ = {isa = PBXFileReference; explicitFileType = wrapper.cfbundle; includeInIndex = 0; path = MyQuizUITests.xctest; sourceTree = BUILT_PRODUCTS_DIR; };
		39326FA51E94D84100C15D51 /* MyQuizUITests.swift */ = {isa = PBXFileReference; lastKnownFileType = sourcecode.swift; path = MyQuizUITests.swift; sourceTree = "<group>"; };
		39326FA71E94D84100C15D51 /* Info.plist */ = {isa = PBXFileReference; lastKnownFileType = text.plist.xml; path = Info.plist; sourceTree = "<group>"; };
/* End PBXFileReference section */

/* Begin PBXFrameworksBuildPhase section */
		39326F7F1E94D84100C15D51 /* Frameworks */ = {
			isa = PBXFrameworksBuildPhase;
			buildActionMask = 2147483647;
			files = (
			);
			runOnlyForDeploymentPostprocessing = 0;
		};
		39326F931E94D84100C15D51 /* Frameworks */ = {
			isa = PBXFrameworksBuildPhase;
			buildActionMask = 2147483647;
			files = (
			);
			runOnlyForDeploymentPostprocessing = 0;
		};
		39326F9E1E94D84100C15D51 /* Frameworks */ = {
			isa = PBXFrameworksBuildPhase;
			buildActionMask = 2147483647;
			files = (
			);
			runOnlyForDeploymentPostprocessing = 0;
		};
/* End PBXFrameworksBuildPhase section */

/* Begin PBXGroup section */
		39326F791E94D84100C15D51 = {
			isa = PBXGroup;
			children = (
				39326F841E94D84100C15D51 /* MyQuiz */,
				39326F991E94D84100C15D51 /* MyQuizTests */,
				39326FA41E94D84100C15D51 /* MyQuizUITests */,
				39326F831E94D84100C15D51 /* Products */,
			);
			sourceTree = "<group>";
		};
		39326F831E94D84100C15D51 /* Products */ = {
			isa = PBXGroup;
			children = (
				39326F821E94D84100C15D51 /* MyQuiz.app */,
				39326F961E94D84100C15D51 /* MyQuizTests.xctest */,
				39326FA11E94D84100C15D51 /* MyQuizUITests.xctest */,
			);
			name = Products;
			sourceTree = "<group>";
		};
		39326F841E94D84100C15D51 /* MyQuiz */ = {
			isa = PBXGroup;
			children = (
				39326F851E94D84100C15D51 /* AppDelegate.swift */,
				39326F871E94D84100C15D51 /* ViewController.swift */,
				39326F891E94D84100C15D51 /* Main.storyboard */,
				39326F8C1E94D84100C15D51 /* Assets.xcassets */,
				39326F8E1E94D84100C15D51 /* LaunchScreen.storyboard */,
				39326F911E94D84100C15D51 /* Info.plist */,
			);
			path = MyQuiz;
			sourceTree = "<group>";
		};
		39326F991E94D84100C15D51 /* MyQuizTests */ = {
			isa = PBXGroup;
			children = (
				39326F9A1E94D84100C15D51 /* MyQuizTests.swift */,
				39326F9C1E94D84100C15D51 /* Info.plist */,
			);
			path = MyQuizTests;
			sourceTree = "<group>";
		};
		39326FA41E94D84100C15D51 /* MyQuizUITests */ = {
			isa = PBXGroup;
			children = (
				39326FA51E94D84100C15D51 /* MyQuizUITests.swift */,
				39326FA71E94D84100C15D51 /* Info.plist */,
			);
			path = MyQuizUITests;
			sourceTree = "<group>";
		};
/* End PBXGroup section */

/* Begin PBXNativeTarget section */
		39326F811E94D84100C15D51 /* MyQuiz */ = {
			isa = PBXNativeTarget;
			buildConfigurationList = 39326FAA1E94D84100C15D51 /* Build configuration list for PBXNativeTarget "MyQuiz" */;
			buildPhases = (
				39326F7E1E94D84100C15D51 /* Sources */,
				39326F7F1E94D84100C15D51 /* Frameworks */,
				39326F801E94D84100C15D51 /* Resources */,
			);
			buildRules = (
			);
			dependencies = (
			);
			name = MyQuiz;
			productName = MyQuiz;
			productReference = 39326F821E94D84100C15D51 /* MyQuiz.app */;
			productType = "com.apple.product-type.application";
		};
		39326F951E94D84100C15D51 /* MyQuizTests */ = {
			isa = PBXNativeTarget;
			buildConfigurationList = 39326FAD1E94D84100C15D51 /* Build configuration list for PBXNativeTarget "MyQuizTests" */;
			buildPhases = (
				39326F921E94D84100C15D51 /* Sources */,
				39326F931E94D84100C15D51 /* Frameworks */,
				39326F941E94D84100C15D51 /* Resources */,
			);
			buildRules = (
			);
			dependencies = (
				39326F981E94D84100C15D51 /* PBXTargetDependency */,
			);
			name = MyQuizTests;
			productName = MyQuizTests;
			productReference = 39326F961E94D84100C15D51 /* MyQuizTests.xctest */;
			productType = "com.apple.product-type.bundle.unit-test";
		};
		39326FA01E94D84100C15D51 /* MyQuizUITests */ = {
			isa = PBXNativeTarget;
			buildConfigurationList = 39326FB01E94D84100C15D51 /* Build configuration list for PBXNativeTarget "MyQuizUITests" */;
			buildPhases = (
				39326F9D1E94D84100C15D51 /* Sources */,
				39326F9E1E94D84100C15D51 /* Frameworks */,
				39326F9F1E94D84100C15D51 /* Resources */,
			);
			buildRules = (
			);
			dependencies = (
				39326FA31E94D84100C15D51 /* PBXTargetDependency */,
			);
			name = MyQuizUITests;
			productName = MyQuizUITests;
			productReference = 39326FA11E94D84100C15D51 /* MyQuizUITests.xctest */;
			productType = "com.apple.product-type.bundle.ui-testing";
		};
/* End PBXNativeTarget section */

/* Begin PBXProject section */
		39326F7A1E94D84100C15D51 /* Project object */ = {
			isa = PBXProject;
			attributes = {
				LastSwiftUpdateCheck = 0830;
				LastUpgradeCheck = 0830;
				ORGANIZATIONNAME = nguyenvanphituoc;
				TargetAttributes = {
					39326F811E94D84100C15D51 = {
						CreatedOnToolsVersion = 8.3;
						ProvisioningStyle = Automatic;
					};
					39326F951E94D84100C15D51 = {
						CreatedOnToolsVersion = 8.3;
						ProvisioningStyle = Automatic;
						TestTargetID = 39326F811E94D84100C15D51;
					};
					39326FA01E94D84100C15D51 = {
						CreatedOnToolsVersion = 8.3;
						ProvisioningStyle = Automatic;
						TestTargetID = 39326F811E94D84100C15D51;
					};
				};
			};
			buildConfigurationList = 39326F7D1E94D84100C15D51 /* Build configuration list for PBXProject "MyQuiz" */;
			compatibilityVersion = "Xcode 3.2";
			developmentRegion = English;
			hasScannedForEncodings = 0;
			knownRegions = (
				en,
				Base,
			);
			mainGroup = 39326F791E94D84100C15D51;
			productRefGroup = 39326F831E94D84100C15D51 /* Products */;
			projectDirPath = "";
			projectRoot = "";
			targets = (
				39326F811E94D84100C15D51 /* MyQuiz */,
				39326F951E94D84100C15D51 /* MyQuizTests */,
				39326FA01E94D84100C15D51 /* MyQuizUITests */,
			);
		};
/* End PBXProject section */

/* Begin PBXResourcesBuildPhase section */
		39326F801E94D84100C15D51 /* Resources */ = {
			isa = PBXResourcesBuildPhase;
			buildActionMask = 2147483647;
			files = (
				39326F901E94D84100C15D51 /* LaunchScreen.storyboard in Resources */,
				39326F8D1E94D84100C15D51 /* Assets.xcassets in Resources */,
				39326F8B1E94D84100C15D51 /* Main.storyboard in Resources */,
			);
			runOnlyForDeploymentPostprocessing = 0;
		};
		39326F941E94D84100C15D51 /* Resources */ = {
			isa = PBXResourcesBuildPhase;
			buildActionMask = 2147483647;
			files = (
			);
			runOnlyForDeploymentPostprocessing = 0;
		};
		39326F9F1E94D84100C15D51 /* Resources */ = {
			isa = PBXResourcesBuildPhase;
			buildActionMask = 2147483647;
			files = (
			);
			runOnlyForDeploymentPostprocessing = 0;
		};
/* End PBXResourcesBuildPhase section */

/* Begin PBXSourcesBuildPhase section */
		39326F7E1E94D84100C15D51 /* Sources */ = {
			isa = PBXSourcesBuildPhase;
			buildActionMask = 2147483647;
			files = (
				39326F881E94D84100C15D51 /* ViewController.swift in Sources */,
				39326F861E94D84100C15D51 /* AppDelegate.swift in Sources */,
			);
			runOnlyForDeploymentPostprocessing = 0;
		};
		39326F921E94D84100C15D51 /* Sources */ = {
			isa = PBXSourcesBuildPhase;
			buildActionMask = 2147483647;
			files = (
				39326F9B1E94D84100C15D51 /* MyQuizTests.swift in Sources */,
			);
			runOnlyForDeploymentPostprocessing = 0;
		};
		39326F9D1E94D84100C15D51 /* Sources */ = {
			isa = PBXSourcesBuildPhase;
			buildActionMask = 2147483647;
			files = (
				39326FA61E94D84100C15D51 /* MyQuizUITests.swift in Sources */,
			);
			runOnlyForDeploymentPostprocessing = 0;
		};
/* End PBXSourcesBuildPhase section */

/* Begin PBXTargetDependency section */
		39326F981E94D84100C15D51 /* PBXTargetDependency */ = {
			isa = PBXTargetDependency;
			target = 39326F811E94D84100C15D51 /* MyQuiz */;
			targetProxy = 39326F971E94D84100C15D51 /* PBXContainerItemProxy */;
		};
		39326FA31E94D84100C15D51 /* PBXTargetDependency */ = {
			isa = PBXTargetDependency;
			target = 39326F811E94D84100C15D51 /* MyQuiz */;
			targetProxy = 39326FA21E94D84100C15D51 /* PBXContainerItemProxy */;
		};
/* End PBXTargetDependency section */

/* Begin PBXVariantGroup section */
		39326F891E94D84100C15D51 /* Main.storyboard */ = {
			isa = PBXVariantGroup;
			children = (
				39326F8A1E94D84100C15D51 /* Base */,
			);
			name = Main.storyboard;
			sourceTree = "<group>";
		};
		39326F8E1E94D84100C15D51 /* LaunchScreen.storyboard */ = {
			isa = PBXVariantGroup;
			children = (
				39326F8F1E94D84100C15D51 /* Base */,
			);
			name = LaunchScreen.storyboard;
			sourceTree = "<group>";
		};
/* End PBXVariantGroup section */

/* Begin XCBuildConfiguration section */
		39326FA81E94D84100C15D51 /* Debug */ = {
			isa = XCBuildConfiguration;
			buildSettings = {
				ALWAYS_SEARCH_USER_PATHS = NO;
				CLANG_ANALYZER_NONNULL = YES;
				CLANG_ANALYZER_NUMBER_OBJECT_CONVERSION = YES_AGGRESSIVE;
				CLANG_CXX_LANGUAGE_STANDARD = "gnu++0x";
				CLANG_CXX_LIBRARY = "libc++";
				CLANG_ENABLE_MODULES = YES;
				CLANG_ENABLE_OBJC_ARC = YES;
				CLANG_WARN_BOOL_CONVERSION = YES;
				CLANG_WARN_CONSTANT_CONVERSION = YES;
				CLANG_WARN_DIRECT_OBJC_ISA_USAGE = YES_ERROR;
				CLANG_WARN_DOCUMENTATION_COMMENTS = YES;
				CLANG_WARN_EMPTY_BODY = YES;
				CLANG_WARN_ENUM_CONVERSION = YES;
				CLANG_WARN_INFINITE_RECURSION = YES;
				CLANG_WARN_INT_CONVERSION = YES;
				CLANG_WARN_OBJC_ROOT_CLASS = YES_ERROR;
				CLANG_WARN_SUSPICIOUS_MOVE = YES;
				CLANG_WARN_UNREACHABLE_CODE = YES;
				CLANG_WARN__DUPLICATE_METHOD_MATCH = YES;
				"CODE_SIGN_IDENTITY[sdk=iphoneos*]" = "iPhone Developer";
				COPY_PHASE_STRIP = NO;
				DEBUG_INFORMATION_FORMAT = dwarf;
				ENABLE_STRICT_OBJC_MSGSEND = YES;
				ENABLE_TESTABILITY = YES;
				GCC_C_LANGUAGE_STANDARD = gnu99;
				GCC_DYNAMIC_NO_PIC = NO;
				GCC_NO_COMMON_BLOCKS = YES;
				GCC_OPTIMIZATION_LEVEL = 0;
				GCC_PREPROCESSOR_DEFINITIONS = (
					"DEBUG=1",
					"$(inherited)",
				);
				GCC_WARN_64_TO_32_BIT_CONVERSION = YES;
				GCC_WARN_ABOUT_RETURN_TYPE = YES_ERROR;
				GCC_WARN_UNDECLARED_SELECTOR = YES;
				GCC_WARN_UNINITIALIZED_AUTOS = YES_AGGRESSIVE;
				GCC_WARN_UNUSED_FUNCTION = YES;
				GCC_WARN_UNUSED_VARIABLE = YES;
				IPHONEOS_DEPLOYMENT_TARGET = 10.3;
				MTL_ENABLE_DEBUG_INFO = YES;
				ONLY_ACTIVE_ARCH = YES;
				SDKROOT = iphoneos;
				SWIFT_ACTIVE_COMPILATION_CONDITIONS = DEBUG;
				SWIFT_OPTIMIZATION_LEVEL = "-Onone";
			};
			name = Debug;
		};
		39326FA91E94D84100C15D51 /* Release */ = {
			isa = XCBuildConfiguration;
			buildSettings = {
				ALWAYS_SEARCH_USER_PATHS = NO;
				CLANG_ANALYZER_NONNULL = YES;
				CLANG_ANALYZER_NUMBER_OBJECT_CONVERSION = YES_AGGRESSIVE;
				CLANG_CXX_LANGUAGE_STANDARD = "gnu++0x";
				CLANG_CXX_LIBRARY = "libc++";
				CLANG_ENABLE_MODULES = YES;
				CLANG_ENABLE_OBJC_ARC = YES;
				CLANG_WARN_BOOL_CONVERSION = YES;
				CLANG_WARN_CONSTANT_CONVERSION = YES;
				CLANG_WARN_DIRECT_OBJC_ISA_USAGE = YES_ERROR;
				CLANG_WARN_DOCUMENTATION_COMMENTS = YES;
				CLANG_WARN_EMPTY_BODY = YES;
				CLANG_WARN_ENUM_CONVERSION = YES;
				CLANG_WARN_INFINITE_RECURSION = YES;
				CLANG_WARN_INT_CONVERSION = YES;
				CLANG_WARN_OBJC_ROOT_CLASS = YES_ERROR;
				CLANG_WARN_SUSPICIOUS_MOVE = YES;
				CLANG_WARN_UNREACHABLE_CODE = YES;
				CLANG_WARN__DUPLICATE_METHOD_MATCH = YES;
				"CODE_SIGN_IDENTITY[sdk=iphoneos*]" = "iPhone Developer";
				COPY_PHASE_STRIP = NO;
				DEBUG_INFORMATION_FORMAT = "dwarf-with-dsym";
				ENABLE_NS_ASSERTIONS = NO;
				ENABLE_STRICT_OBJC_MSGSEND = YES;
				GCC_C_LANGUAGE_STANDARD = gnu99;
				GCC_NO_COMMON_BLOCKS = YES;
				GCC_WARN_64_TO_32_BIT_CONVERSION = YES;
				GCC_WARN_ABOUT_RETURN_TYPE = YES_ERROR;
				GCC_WARN_UNDECLARED_SELECTOR = YES;
				GCC_WARN_UNINITIALIZED_AUTOS = YES_AGGRESSIVE;
				GCC_WARN_UNUSED_FUNCTION = YES;
				GCC_WARN_UNUSED_VARIABLE = YES;
				IPHONEOS_DEPLOYMENT_TARGET = 10.3;
				MTL_ENABLE_DEBUG_INFO = NO;
				SDKROOT = iphoneos;
				SWIFT_OPTIMIZATION_LEVEL = "-Owholemodule";
				VALIDATE_PRODUCT = YES;
			};
			name = Release;
		};
		39326FAB1E94D84100C15D51 /* Debug */ = {
			isa = XCBuildConfiguration;
			buildSettings = {
				ASSETCATALOG_COMPILER_APPICON_NAME = AppIcon;
				INFOPLIST_FILE = MyQuiz/Info.plist;
				LD_RUNPATH_SEARCH_PATHS = "$(inherited) @executable_path/Frameworks";
				PRODUCT_BUNDLE_IDENTIFIER = nguyenvanphituoc.MyQuiz;
				PRODUCT_NAME = "$(TARGET_NAME)";
				SWIFT_VERSION = 3.0;
			};
			name = Debug;
		};
		39326FAC1E94D84100C15D51 /* Release */ = {
			isa = XCBuildConfiguration;
			buildSettings = {
				ASSETCATALOG_COMPILER_APPICON_NAME = AppIcon;
				INFOPLIST_FILE = MyQuiz/Info.plist;
				LD_RUNPATH_SEARCH_PATHS = "$(inherited) @executable_path/Frameworks";
				PRODUCT_BUNDLE_IDENTIFIER = nguyenvanphituoc.MyQuiz;
				PRODUCT_NAME = "$(TARGET_NAME)";
				SWIFT_VERSION = 3.0;
			};
			name = Release;
		};
		39326FAE1E94D84100C15D51 /* Debug */ = {
			isa = XCBuildConfiguration;
			buildSettings = {
				ALWAYS_EMBED_SWIFT_STANDARD_LIBRARIES = YES;
				BUNDLE_LOADER = "$(TEST_HOST)";
				INFOPLIST_FILE = MyQuizTests/Info.plist;
				LD_RUNPATH_SEARCH_PATHS = "$(inherited) @executable_path/Frameworks @loader_path/Frameworks";
				PRODUCT_BUNDLE_IDENTIFIER = nguyenvanphituoc.MyQuizTests;
				PRODUCT_NAME = "$(TARGET_NAME)";
				SWIFT_VERSION = 3.0;
				TEST_HOST = "$(BUILT_PRODUCTS_DIR)/MyQuiz.app/MyQuiz";
			};
			name = Debug;
		};
		39326FAF1E94D84100C15D51 /* Release */ = {
			isa = XCBuildConfiguration;
			buildSettings = {
				ALWAYS_EMBED_SWIFT_STANDARD_LIBRARIES = YES;
				BUNDLE_LOADER = "$(TEST_HOST)";
				INFOPLIST_FILE = MyQuizTests/Info.plist;
				LD_RUNPATH_SEARCH_PATHS = "$(inherited) @executable_path/Frameworks @loader_path/Frameworks";
				PRODUCT_BUNDLE_IDENTIFIER = nguyenvanphituoc.MyQuizTests;
				PRODUCT_NAME = "$(TARGET_NAME)";
				SWIFT_VERSION = 3.0;
				TEST_HOST = "$(BUILT_PRODUCTS_DIR)/MyQuiz.app/MyQuiz";
			};
			name = Release;
		};
		39326FB11E94D84100C15D51 /* Debug */ = {
			isa = XCBuildConfiguration;
			buildSettings = {
				ALWAYS_EMBED_SWIFT_STANDARD_LIBRARIES = YES;
				INFOPLIST_FILE = MyQuizUITests/Info.plist;
				LD_RUNPATH_SEARCH_PATHS = "$(inherited) @executable_path/Frameworks @loader_path/Frameworks";
				PRODUCT_BUNDLE_IDENTIFIER = nguyenvanphituoc.MyQuizUITests;
				PRODUCT_NAME = "$(TARGET_NAME)";
				SWIFT_VERSION = 3.0;
				TEST_TARGET_NAME = MyQuiz;
			};
			name = Debug;
		};
		39326FB21E94D84100C15D51 /* Release */ = {
			isa = XCBuildConfiguration;
			buildSettings = {
				ALWAYS_EMBED_SWIFT_STANDARD_LIBRARIES = YES;
				INFOPLIST_FILE = MyQuizUITests/Info.plist;
				LD_RUNPATH_SEARCH_PATHS = "$(inherited) @executable_path/Frameworks @loader_path/Frameworks";
				PRODUCT_BUNDLE_IDENTIFIER = nguyenvanphituoc.MyQuizUITests;
				PRODUCT_NAME = "$(TARGET_NAME)";
				SWIFT_VERSION = 3.0;
				TEST_TARGET_NAME = MyQuiz;
			};
			name = Release;
		};
/* End XCBuildConfiguration section */

/* Begin XCConfigurationList section */
		39326F7D1E94D84100C15D51 /* Build configuration list for PBXProject "MyQuiz" */ = {
			isa = XCConfigurationList;
			buildConfigurations = (
				39326FA81E94D84100C15D51 /* Debug */,
				39326FA91E94D84100C15D51 /* Release */,
			);
			defaultConfigurationIsVisible = 0;
			defaultConfigurationName = Release;
		};
		39326FAA1E94D84100C15D51 /* Build configuration list for PBXNativeTarget "MyQuiz" */ = {
			isa = XCConfigurationList;
			buildConfigurations = (
				39326FAB1E94D84100C15D51 /* Debug */,
				39326FAC1E94D84100C15D51 /* Release */,
			);
			defaultConfigurationIsVisible = 0;
		};
		39326FAD1E94D84100C15D51 /* Build configuration list for PBXNativeTarget "MyQuizTests" */ = {
			isa = XCConfigurationList;
			buildConfigurations = (
				39326FAE1E94D84100C15D51 /* Debug */,
				39326FAF1E94D84100C15D51 /* Release */,
			);
			defaultConfigurationIsVisible = 0;
		};
		39326FB01E94D84100C15D51 /* Build configuration list for PBXNativeTarget "MyQuizUITests" */ = {
			isa = XCConfigurationList;
			buildConfigurations = (
				39326FB11E94D84100C15D51 /* Debug */,
				39326FB21E94D84100C15D51 /* Release */,
			);
			defaultConfigurationIsVisible = 0;
		};
/* End XCConfigurationList section */
	};
	rootObject = 39326F7A1E94D84100C15D51 /* Project object */;
}
