// !$*UTF8*$!
{
	archiveVersion = 1;
	classes = {
	};
	objectVersion = 46;
	objects = {

/* Begin PBXBuildFile section */
		39A4DF871EA1B53F00C15319 /* AppDelegate.swift in Sources */ = {isa = PBXBuildFile; fileRef = 39A4DF861EA1B53F00C15319 /* AppDelegate.swift */; };
		39A4DF891EA1B53F00C15319 /* ViewController.swift in Sources */ = {isa = PBXBuildFile; fileRef = 39A4DF881EA1B53F00C15319 /* ViewController.swift */; };
		39A4DF8C1EA1B53F00C15319 /* Main.storyboard in Resources */ = {isa = PBXBuildFile; fileRef = 39A4DF8A1EA1B53F00C15319 /* Main.storyboard */; };
		39A4DF8E1EA1B53F00C15319 /* Assets.xcassets in Resources */ = {isa = PBXBuildFile; fileRef = 39A4DF8D1EA1B53F00C15319 /* Assets.xcassets */; };
		39A4DF911EA1B53F00C15319 /* LaunchScreen.storyboard in Resources */ = {isa = PBXBuildFile; fileRef = 39A4DF8F1EA1B53F00C15319 /* LaunchScreen.storyboard */; };
		39A4DF9C1EA1B53F00C15319 /* Quizprojec1Tests.swift in Sources */ = {isa = PBXBuildFile; fileRef = 39A4DF9B1EA1B53F00C15319 /* Quizprojec1Tests.swift */; };
		39A4DFA71EA1B53F00C15319 /* Quizprojec1UITests.swift in Sources */ = {isa = PBXBuildFile; fileRef = 39A4DFA61EA1B53F00C15319 /* Quizprojec1UITests.swift */; };
/* End PBXBuildFile section */

/* Begin PBXContainerItemProxy section */
		39A4DF981EA1B53F00C15319 /* PBXContainerItemProxy */ = {
			isa = PBXContainerItemProxy;
			containerPortal = 39A4DF7B1EA1B53F00C15319 /* Project object */;
			proxyType = 1;
			remoteGlobalIDString = 39A4DF821EA1B53F00C15319;
			remoteInfo = Quizprojec1;
		};
		39A4DFA31EA1B53F00C15319 /* PBXContainerItemProxy */ = {
			isa = PBXContainerItemProxy;
			containerPortal = 39A4DF7B1EA1B53F00C15319 /* Project object */;
			proxyType = 1;
			remoteGlobalIDString = 39A4DF821EA1B53F00C15319;
			remoteInfo = Quizprojec1;
		};
/* End PBXContainerItemProxy section */

/* Begin PBXFileReference section */
		39A4DF831EA1B53F00C15319 /* Quizprojec1.app */ = {isa = PBXFileReference; explicitFileType = wrapper.application; includeInIndex = 0; path = Quizprojec1.app; sourceTree = BUILT_PRODUCTS_DIR; };
		39A4DF861EA1B53F00C15319 /* AppDelegate.swift */ = {isa = PBXFileReference; lastKnownFileType = sourcecode.swift; path = AppDelegate.swift; sourceTree = "<group>"; };
		39A4DF881EA1B53F00C15319 /* ViewController.swift */ = {isa = PBXFileReference; lastKnownFileType = sourcecode.swift; path = ViewController.swift; sourceTree = "<group>"; };
		39A4DF8B1EA1B53F00C15319 /* Base */ = {isa = PBXFileReference; lastKnownFileType = file.storyboard; name = Base; path = Base.lproj/Main.storyboard; sourceTree = "<group>"; };
		39A4DF8D1EA1B53F00C15319 /* Assets.xcassets */ = {isa = PBXFileReference; lastKnownFileType = folder.assetcatalog; path = Assets.xcassets; sourceTree = "<group>"; };
		39A4DF901EA1B53F00C15319 /* Base */ = {isa = PBXFileReference; lastKnownFileType = file.storyboard; name = Base; path = Base.lproj/LaunchScreen.storyboard; sourceTree = "<group>"; };
		39A4DF921EA1B53F00C15319 /* Info.plist */ = {isa = PBXFileReference; lastKnownFileType = text.plist.xml; path = Info.plist; sourceTree = "<group>"; };
		39A4DF971EA1B53F00C15319 /* Quizprojec1Tests.xctest */ = {isa = PBXFileReference; explicitFileType = wrapper.cfbundle; includeInIndex = 0; path = Quizprojec1Tests.xctest; sourceTree = BUILT_PRODUCTS_DIR; };
		39A4DF9B1EA1B53F00C15319 /* Quizprojec1Tests.swift */ = {isa = PBXFileReference; lastKnownFileType = sourcecode.swift; path = Quizprojec1Tests.swift; sourceTree = "<group>"; };
		39A4DF9D1EA1B53F00C15319 /* Info.plist */ = {isa = PBXFileReference; lastKnownFileType = text.plist.xml; path = Info.plist; sourceTree = "<group>"; };
		39A4DFA21EA1B53F00C15319 /* Quizprojec1UITests.xctest */ = {isa = PBXFileReference; explicitFileType = wrapper.cfbundle; includeInIndex = 0; path = Quizprojec1UITests.xctest; sourceTree = BUILT_PRODUCTS_DIR; };
		39A4DFA61EA1B53F00C15319 /* Quizprojec1UITests.swift */ = {isa = PBXFileReference; lastKnownFileType = sourcecode.swift; path = Quizprojec1UITests.swift; sourceTree = "<group>"; };
		39A4DFA81EA1B53F00C15319 /* Info.plist */ = {isa = PBXFileReference; lastKnownFileType = text.plist.xml; path = Info.plist; sourceTree = "<group>"; };
/* End PBXFileReference section */

/* Begin PBXFrameworksBuildPhase section */
		39A4DF801EA1B53F00C15319 /* Frameworks */ = {
			isa = PBXFrameworksBuildPhase;
			buildActionMask = 2147483647;
			files = (
			);
			runOnlyForDeploymentPostprocessing = 0;
		};
		39A4DF941EA1B53F00C15319 /* Frameworks */ = {
			isa = PBXFrameworksBuildPhase;
			buildActionMask = 2147483647;
			files = (
			);
			runOnlyForDeploymentPostprocessing = 0;
		};
		39A4DF9F1EA1B53F00C15319 /* Frameworks */ = {
			isa = PBXFrameworksBuildPhase;
			buildActionMask = 2147483647;
			files = (
			);
			runOnlyForDeploymentPostprocessing = 0;
		};
/* End PBXFrameworksBuildPhase section */

/* Begin PBXGroup section */
		39A4DF7A1EA1B53F00C15319 = {
			isa = PBXGroup;
			children = (
				39A4DF851EA1B53F00C15319 /* Quizprojec1 */,
				39A4DF9A1EA1B53F00C15319 /* Quizprojec1Tests */,
				39A4DFA51EA1B53F00C15319 /* Quizprojec1UITests */,
				39A4DF841EA1B53F00C15319 /* Products */,
			);
			sourceTree = "<group>";
		};
		39A4DF841EA1B53F00C15319 /* Products */ = {
			isa = PBXGroup;
			children = (
				39A4DF831EA1B53F00C15319 /* Quizprojec1.app */,
				39A4DF971EA1B53F00C15319 /* Quizprojec1Tests.xctest */,
				39A4DFA21EA1B53F00C15319 /* Quizprojec1UITests.xctest */,
			);
			name = Products;
			sourceTree = "<group>";
		};
		39A4DF851EA1B53F00C15319 /* Quizprojec1 */ = {
			isa = PBXGroup;
			children = (
				39A4DF861EA1B53F00C15319 /* AppDelegate.swift */,
				39A4DF881EA1B53F00C15319 /* ViewController.swift */,
				39A4DF8A1EA1B53F00C15319 /* Main.storyboard */,
				39A4DF8D1EA1B53F00C15319 /* Assets.xcassets */,
				39A4DF8F1EA1B53F00C15319 /* LaunchScreen.storyboard */,
				39A4DF921EA1B53F00C15319 /* Info.plist */,
			);
			path = Quizprojec1;
			sourceTree = "<group>";
		};
		39A4DF9A1EA1B53F00C15319 /* Quizprojec1Tests */ = {
			isa = PBXGroup;
			children = (
				39A4DF9B1EA1B53F00C15319 /* Quizprojec1Tests.swift */,
				39A4DF9D1EA1B53F00C15319 /* Info.plist */,
			);
			path = Quizprojec1Tests;
			sourceTree = "<group>";
		};
		39A4DFA51EA1B53F00C15319 /* Quizprojec1UITests */ = {
			isa = PBXGroup;
			children = (
				39A4DFA61EA1B53F00C15319 /* Quizprojec1UITests.swift */,
				39A4DFA81EA1B53F00C15319 /* Info.plist */,
			);
			path = Quizprojec1UITests;
			sourceTree = "<group>";
		};
/* End PBXGroup section */

/* Begin PBXNativeTarget section */
		39A4DF821EA1B53F00C15319 /* Quizprojec1 */ = {
			isa = PBXNativeTarget;
			buildConfigurationList = 39A4DFAB1EA1B53F00C15319 /* Build configuration list for PBXNativeTarget "Quizprojec1" */;
			buildPhases = (
				39A4DF7F1EA1B53F00C15319 /* Sources */,
				39A4DF801EA1B53F00C15319 /* Frameworks */,
				39A4DF811EA1B53F00C15319 /* Resources */,
			);
			buildRules = (
			);
			dependencies = (
			);
			name = Quizprojec1;
			productName = Quizprojec1;
			productReference = 39A4DF831EA1B53F00C15319 /* Quizprojec1.app */;
			productType = "com.apple.product-type.application";
		};
		39A4DF961EA1B53F00C15319 /* Quizprojec1Tests */ = {
			isa = PBXNativeTarget;
			buildConfigurationList = 39A4DFAE1EA1B53F00C15319 /* Build configuration list for PBXNativeTarget "Quizprojec1Tests" */;
			buildPhases = (
				39A4DF931EA1B53F00C15319 /* Sources */,
				39A4DF941EA1B53F00C15319 /* Frameworks */,
				39A4DF951EA1B53F00C15319 /* Resources */,
			);
			buildRules = (
			);
			dependencies = (
				39A4DF991EA1B53F00C15319 /* PBXTargetDependency */,
			);
			name = Quizprojec1Tests;
			productName = Quizprojec1Tests;
			productReference = 39A4DF971EA1B53F00C15319 /* Quizprojec1Tests.xctest */;
			productType = "com.apple.product-type.bundle.unit-test";
		};
		39A4DFA11EA1B53F00C15319 /* Quizprojec1UITests */ = {
			isa = PBXNativeTarget;
			buildConfigurationList = 39A4DFB11EA1B53F00C15319 /* Build configuration list for PBXNativeTarget "Quizprojec1UITests" */;
			buildPhases = (
				39A4DF9E1EA1B53F00C15319 /* Sources */,
				39A4DF9F1EA1B53F00C15319 /* Frameworks */,
				39A4DFA01EA1B53F00C15319 /* Resources */,
			);
			buildRules = (
			);
			dependencies = (
				39A4DFA41EA1B53F00C15319 /* PBXTargetDependency */,
			);
			name = Quizprojec1UITests;
			productName = Quizprojec1UITests;
			productReference = 39A4DFA21EA1B53F00C15319 /* Quizprojec1UITests.xctest */;
			productType = "com.apple.product-type.bundle.ui-testing";
		};
/* End PBXNativeTarget section */

/* Begin PBXProject section */
		39A4DF7B1EA1B53F00C15319 /* Project object */ = {
			isa = PBXProject;
			attributes = {
				LastSwiftUpdateCheck = 0830;
				LastUpgradeCheck = 0830;
				ORGANIZATIONNAME = nhom6;
				TargetAttributes = {
					39A4DF821EA1B53F00C15319 = {
						CreatedOnToolsVersion = 8.3;
						ProvisioningStyle = Automatic;
					};
					39A4DF961EA1B53F00C15319 = {
						CreatedOnToolsVersion = 8.3;
						ProvisioningStyle = Automatic;
						TestTargetID = 39A4DF821EA1B53F00C15319;
					};
					39A4DFA11EA1B53F00C15319 = {
						CreatedOnToolsVersion = 8.3;
						ProvisioningStyle = Automatic;
						TestTargetID = 39A4DF821EA1B53F00C15319;
					};
				};
			};
			buildConfigurationList = 39A4DF7E1EA1B53F00C15319 /* Build configuration list for PBXProject "Quizprojec1" */;
			compatibilityVersion = "Xcode 3.2";
			developmentRegion = English;
			hasScannedForEncodings = 0;
			knownRegions = (
				en,
				Base,
			);
			mainGroup = 39A4DF7A1EA1B53F00C15319;
			productRefGroup = 39A4DF841EA1B53F00C15319 /* Products */;
			projectDirPath = "";
			projectRoot = "";
			targets = (
				39A4DF821EA1B53F00C15319 /* Quizprojec1 */,
				39A4DF961EA1B53F00C15319 /* Quizprojec1Tests */,
				39A4DFA11EA1B53F00C15319 /* Quizprojec1UITests */,
			);
		};
/* End PBXProject section */

/* Begin PBXResourcesBuildPhase section */
		39A4DF811EA1B53F00C15319 /* Resources */ = {
			isa = PBXResourcesBuildPhase;
			buildActionMask = 2147483647;
			files = (
				39A4DF911EA1B53F00C15319 /* LaunchScreen.storyboard in Resources */,
				39A4DF8E1EA1B53F00C15319 /* Assets.xcassets in Resources */,
				39A4DF8C1EA1B53F00C15319 /* Main.storyboard in Resources */,
			);
			runOnlyForDeploymentPostprocessing = 0;
		};
		39A4DF951EA1B53F00C15319 /* Resources */ = {
			isa = PBXResourcesBuildPhase;
			buildActionMask = 2147483647;
			files = (
			);
			runOnlyForDeploymentPostprocessing = 0;
		};
		39A4DFA01EA1B53F00C15319 /* Resources */ = {
			isa = PBXResourcesBuildPhase;
			buildActionMask = 2147483647;
			files = (
			);
			runOnlyForDeploymentPostprocessing = 0;
		};
/* End PBXResourcesBuildPhase section */

/* Begin PBXSourcesBuildPhase section */
		39A4DF7F1EA1B53F00C15319 /* Sources */ = {
			isa = PBXSourcesBuildPhase;
			buildActionMask = 2147483647;
			files = (
				39A4DF891EA1B53F00C15319 /* ViewController.swift in Sources */,
				39A4DF871EA1B53F00C15319 /* AppDelegate.swift in Sources */,
			);
			runOnlyForDeploymentPostprocessing = 0;
		};
		39A4DF931EA1B53F00C15319 /* Sources */ = {
			isa = PBXSourcesBuildPhase;
			buildActionMask = 2147483647;
			files = (
				39A4DF9C1EA1B53F00C15319 /* Quizprojec1Tests.swift in Sources */,
			);
			runOnlyForDeploymentPostprocessing = 0;
		};
		39A4DF9E1EA1B53F00C15319 /* Sources */ = {
			isa = PBXSourcesBuildPhase;
			buildActionMask = 2147483647;
			files = (
				39A4DFA71EA1B53F00C15319 /* Quizprojec1UITests.swift in Sources */,
			);
			runOnlyForDeploymentPostprocessing = 0;
		};
/* End PBXSourcesBuildPhase section */

/* Begin PBXTargetDependency section */
		39A4DF991EA1B53F00C15319 /* PBXTargetDependency */ = {
			isa = PBXTargetDependency;
			target = 39A4DF821EA1B53F00C15319 /* Quizprojec1 */;
			targetProxy = 39A4DF981EA1B53F00C15319 /* PBXContainerItemProxy */;
		};
		39A4DFA41EA1B53F00C15319 /* PBXTargetDependency */ = {
			isa = PBXTargetDependency;
			target = 39A4DF821EA1B53F00C15319 /* Quizprojec1 */;
			targetProxy = 39A4DFA31EA1B53F00C15319 /* PBXContainerItemProxy */;
		};
/* End PBXTargetDependency section */

/* Begin PBXVariantGroup section */
		39A4DF8A1EA1B53F00C15319 /* Main.storyboard */ = {
			isa = PBXVariantGroup;
			children = (
				39A4DF8B1EA1B53F00C15319 /* Base */,
			);
			name = Main.storyboard;
			sourceTree = "<group>";
		};
		39A4DF8F1EA1B53F00C15319 /* LaunchScreen.storyboard */ = {
			isa = PBXVariantGroup;
			children = (
				39A4DF901EA1B53F00C15319 /* Base */,
			);
			name = LaunchScreen.storyboard;
			sourceTree = "<group>";
		};
/* End PBXVariantGroup section */

/* Begin XCBuildConfiguration section */
		39A4DFA91EA1B53F00C15319 /* Debug */ = {
			isa = XCBuildConfiguration;
			buildSettings = {
				ALWAYS_SEARCH_USER_PATHS = NO;
				CLANG_ANALYZER_NONNULL = YES;
				CLANG_ANALYZER_NUMBER_OBJECT_CONVERSION = YES_AGGRESSIVE;
				CLANG_CXX_LANGUAGE_STANDARD = "gnu++0x";
				CLANG_CXX_LIBRARY = "libc++";
				CLANG_ENABLE_MODULES = YES;
				CLANG_ENABLE_OBJC_ARC = YES;
				CLANG_WARN_BOOL_CONVERSION = YES;
				CLANG_WARN_CONSTANT_CONVERSION = YES;
				CLANG_WARN_DIRECT_OBJC_ISA_USAGE = YES_ERROR;
				CLANG_WARN_DOCUMENTATION_COMMENTS = YES;
				CLANG_WARN_EMPTY_BODY = YES;
				CLANG_WARN_ENUM_CONVERSION = YES;
				CLANG_WARN_INFINITE_RECURSION = YES;
				CLANG_WARN_INT_CONVERSION = YES;
				CLANG_WARN_OBJC_ROOT_CLASS = YES_ERROR;
				CLANG_WARN_SUSPICIOUS_MOVE = YES;
				CLANG_WARN_UNREACHABLE_CODE = YES;
				CLANG_WARN__DUPLICATE_METHOD_MATCH = YES;
				"CODE_SIGN_IDENTITY[sdk=iphoneos*]" = "iPhone Developer";
				COPY_PHASE_STRIP = NO;
				DEBUG_INFORMATION_FORMAT = dwarf;
				ENABLE_STRICT_OBJC_MSGSEND = YES;
				ENABLE_TESTABILITY = YES;
				GCC_C_LANGUAGE_STANDARD = gnu99;
				GCC_DYNAMIC_NO_PIC = NO;
				GCC_NO_COMMON_BLOCKS = YES;
				GCC_OPTIMIZATION_LEVEL = 0;
				GCC_PREPROCESSOR_DEFINITIONS = (
					"DEBUG=1",
					"$(inherited)",
				);
				GCC_WARN_64_TO_32_BIT_CONVERSION = YES;
				GCC_WARN_ABOUT_RETURN_TYPE = YES_ERROR;
				GCC_WARN_UNDECLARED_SELECTOR = YES;
				GCC_WARN_UNINITIALIZED_AUTOS = YES_AGGRESSIVE;
				GCC_WARN_UNUSED_FUNCTION = YES;
				GCC_WARN_UNUSED_VARIABLE = YES;
				IPHONEOS_DEPLOYMENT_TARGET = 10.3;
				MTL_ENABLE_DEBUG_INFO = YES;
				ONLY_ACTIVE_ARCH = YES;
				SDKROOT = iphoneos;
				SWIFT_ACTIVE_COMPILATION_CONDITIONS = DEBUG;
				SWIFT_OPTIMIZATION_LEVEL = "-Onone";
			};
			name = Debug;
		};
		39A4DFAA1EA1B53F00C15319 /* Release */ = {
			isa = XCBuildConfiguration;
			buildSettings = {
				ALWAYS_SEARCH_USER_PATHS = NO;
				CLANG_ANALYZER_NONNULL = YES;
				CLANG_ANALYZER_NUMBER_OBJECT_CONVERSION = YES_AGGRESSIVE;
				CLANG_CXX_LANGUAGE_STANDARD = "gnu++0x";
				CLANG_CXX_LIBRARY = "libc++";
				CLANG_ENABLE_MODULES = YES;
				CLANG_ENABLE_OBJC_ARC = YES;
				CLANG_WARN_BOOL_CONVERSION = YES;
				CLANG_WARN_CONSTANT_CONVERSION = YES;
				CLANG_WARN_DIRECT_OBJC_ISA_USAGE = YES_ERROR;
				CLANG_WARN_DOCUMENTATION_COMMENTS = YES;
				CLANG_WARN_EMPTY_BODY = YES;
				CLANG_WARN_ENUM_CONVERSION = YES;
				CLANG_WARN_INFINITE_RECURSION = YES;
				CLANG_WARN_INT_CONVERSION = YES;
				CLANG_WARN_OBJC_ROOT_CLASS = YES_ERROR;
				CLANG_WARN_SUSPICIOUS_MOVE = YES;
				CLANG_WARN_UNREACHABLE_CODE = YES;
				CLANG_WARN__DUPLICATE_METHOD_MATCH = YES;
				"CODE_SIGN_IDENTITY[sdk=iphoneos*]" = "iPhone Developer";
				COPY_PHASE_STRIP = NO;
				DEBUG_INFORMATION_FORMAT = "dwarf-with-dsym";
				ENABLE_NS_ASSERTIONS = NO;
				ENABLE_STRICT_OBJC_MSGSEND = YES;
				GCC_C_LANGUAGE_STANDARD = gnu99;
				GCC_NO_COMMON_BLOCKS = YES;
				GCC_WARN_64_TO_32_BIT_CONVERSION = YES;
				GCC_WARN_ABOUT_RETURN_TYPE = YES_ERROR;
				GCC_WARN_UNDECLARED_SELECTOR = YES;
				GCC_WARN_UNINITIALIZED_AUTOS = YES_AGGRESSIVE;
				GCC_WARN_UNUSED_FUNCTION = YES;
				GCC_WARN_UNUSED_VARIABLE = YES;
				IPHONEOS_DEPLOYMENT_TARGET = 10.3;
				MTL_ENABLE_DEBUG_INFO = NO;
				SDKROOT = iphoneos;
				SWIFT_OPTIMIZATION_LEVEL = "-Owholemodule";
				VALIDATE_PRODUCT = YES;
			};
			name = Release;
		};
		39A4DFAC1EA1B53F00C15319 /* Debug */ = {
			isa = XCBuildConfiguration;
			buildSettings = {
				ASSETCATALOG_COMPILER_APPICON_NAME = AppIcon;
				INFOPLIST_FILE = Quizprojec1/Info.plist;
				LD_RUNPATH_SEARCH_PATHS = "$(inherited) @executable_path/Frameworks";
				PRODUCT_BUNDLE_IDENTIFIER = nhom6.Quizprojec1;
				PRODUCT_NAME = "$(TARGET_NAME)";
				SWIFT_VERSION = 3.0;
			};
			name = Debug;
		};
		39A4DFAD1EA1B53F00C15319 /* Release */ = {
			isa = XCBuildConfiguration;
			buildSettings = {
				ASSETCATALOG_COMPILER_APPICON_NAME = AppIcon;
				INFOPLIST_FILE = Quizprojec1/Info.plist;
				LD_RUNPATH_SEARCH_PATHS = "$(inherited) @executable_path/Frameworks";
				PRODUCT_BUNDLE_IDENTIFIER = nhom6.Quizprojec1;
				PRODUCT_NAME = "$(TARGET_NAME)";
				SWIFT_VERSION = 3.0;
			};
			name = Release;
		};
		39A4DFAF1EA1B53F00C15319 /* Debug */ = {
			isa = XCBuildConfiguration;
			buildSettings = {
				ALWAYS_EMBED_SWIFT_STANDARD_LIBRARIES = YES;
				BUNDLE_LOADER = "$(TEST_HOST)";
				INFOPLIST_FILE = Quizprojec1Tests/Info.plist;
				LD_RUNPATH_SEARCH_PATHS = "$(inherited) @executable_path/Frameworks @loader_path/Frameworks";
				PRODUCT_BUNDLE_IDENTIFIER = nhom6.Quizprojec1Tests;
				PRODUCT_NAME = "$(TARGET_NAME)";
				SWIFT_VERSION = 3.0;
				TEST_HOST = "$(BUILT_PRODUCTS_DIR)/Quizprojec1.app/Quizprojec1";
			};
			name = Debug;
		};
		39A4DFB01EA1B53F00C15319 /* Release */ = {
			isa = XCBuildConfiguration;
			buildSettings = {
				ALWAYS_EMBED_SWIFT_STANDARD_LIBRARIES = YES;
				BUNDLE_LOADER = "$(TEST_HOST)";
				INFOPLIST_FILE = Quizprojec1Tests/Info.plist;
				LD_RUNPATH_SEARCH_PATHS = "$(inherited) @executable_path/Frameworks @loader_path/Frameworks";
				PRODUCT_BUNDLE_IDENTIFIER = nhom6.Quizprojec1Tests;
				PRODUCT_NAME = "$(TARGET_NAME)";
				SWIFT_VERSION = 3.0;
				TEST_HOST = "$(BUILT_PRODUCTS_DIR)/Quizprojec1.app/Quizprojec1";
			};
			name = Release;
		};
		39A4DFB21EA1B53F00C15319 /* Debug */ = {
			isa = XCBuildConfiguration;
			buildSettings = {
				ALWAYS_EMBED_SWIFT_STANDARD_LIBRARIES = YES;
				INFOPLIST_FILE = Quizprojec1UITests/Info.plist;
				LD_RUNPATH_SEARCH_PATHS = "$(inherited) @executable_path/Frameworks @loader_path/Frameworks";
				PRODUCT_BUNDLE_IDENTIFIER = nhom6.Quizprojec1UITests;
				PRODUCT_NAME = "$(TARGET_NAME)";
				SWIFT_VERSION = 3.0;
				TEST_TARGET_NAME = Quizprojec1;
			};
			name = Debug;
		};
		39A4DFB31EA1B53F00C15319 /* Release */ = {
			isa = XCBuildConfiguration;
			buildSettings = {
				ALWAYS_EMBED_SWIFT_STANDARD_LIBRARIES = YES;
				INFOPLIST_FILE = Quizprojec1UITests/Info.plist;
				LD_RUNPATH_SEARCH_PATHS = "$(inherited) @executable_path/Frameworks @loader_path/Frameworks";
				PRODUCT_BUNDLE_IDENTIFIER = nhom6.Quizprojec1UITests;
				PRODUCT_NAME = "$(TARGET_NAME)";
				SWIFT_VERSION = 3.0;
				TEST_TARGET_NAME = Quizprojec1;
			};
			name = Release;
		};
/* End XCBuildConfiguration section */

/* Begin XCConfigurationList section */
		39A4DF7E1EA1B53F00C15319 /* Build configuration list for PBXProject "Quizprojec1" */ = {
			isa = XCConfigurationList;
			buildConfigurations = (
				39A4DFA91EA1B53F00C15319 /* Debug */,
				39A4DFAA1EA1B53F00C15319 /* Release */,
			);
			defaultConfigurationIsVisible = 0;
			defaultConfigurationName = Release;
		};
		39A4DFAB1EA1B53F00C15319 /* Build configuration list for PBXNativeTarget "Quizprojec1" */ = {
			isa = XCConfigurationList;
			buildConfigurations = (
				39A4DFAC1EA1B53F00C15319 /* Debug */,
				39A4DFAD1EA1B53F00C15319 /* Release */,
			);
			defaultConfigurationIsVisible = 0;
		};
		39A4DFAE1EA1B53F00C15319 /* Build configuration list for PBXNativeTarget "Quizprojec1Tests" */ = {
			isa = XCConfigurationList;
			buildConfigurations = (
				39A4DFAF1EA1B53F00C15319 /* Debug */,
				39A4DFB01EA1B53F00C15319 /* Release */,
			);
			defaultConfigurationIsVisible = 0;
		};
		39A4DFB11EA1B53F00C15319 /* Build configuration list for PBXNativeTarget "Quizprojec1UITests" */ = {
			isa = XCConfigurationList;
			buildConfigurations = (
				39A4DFB21EA1B53F00C15319 /* Debug */,
				39A4DFB31EA1B53F00C15319 /* Release */,
			);
			defaultConfigurationIsVisible = 0;
		};
/* End XCConfigurationList section */
	};
	rootObject = 39A4DF7B1EA1B53F00C15319 /* Project object */;
}
